{
  "name": "fpie-option",
  "version": "0.0.3",
  "lockfileVersion": 2,
  "requires": true,
  "packages": {
    "": {
      "version": "0.0.3",
      "license": "ISC",
      "dependencies": {
        "fpie-option": "^0.0.3"
      },
      "devDependencies": {
        "typescript": "^4.3.5"
      }
    },
    "node_modules/fpie-option": {
      "version": "0.0.3",
      "resolved": "https://registry.npmjs.org/fpie-option/-/fpie-option-0.0.3.tgz",
      "integrity": "sha512-O42VwdL63CN2iMlPX3vR64aryQrS+HiUTzMEcT2Ozvnuw+wyEDo8SDYnGY65kC9dhxb8gV4TkvRek7mrFnrRYw=="
    },
    "node_modules/typescript": {
      "version": "4.3.5",
      "resolved": "https://registry.npmjs.org/typescript/-/typescript-4.3.5.tgz",
      "integrity": "sha512-DqQgihaQ9cUrskJo9kIyW/+g0Vxsk8cDtZ52a3NGh0YNTfpUSArXSohyUGnvbPazEPLu398C0UxmKSOrPumUzA==",
      "dev": true,
      "bin": {
        "tsc": "bin/tsc",
        "tsserver": "bin/tsserver"
      },
      "engines": {
        "node": ">=4.2.0"
      }
    }
  },
  "dependencies": {
    "fpie-option": {
      "version": "0.0.3",
      "resolved": "https://registry.npmjs.org/fpie-option/-/fpie-option-0.0.3.tgz",
      "integrity": "sha512-O42VwdL63CN2iMlPX3vR64aryQrS+HiUTzMEcT2Ozvnuw+wyEDo8SDYnGY65kC9dhxb8gV4TkvRek7mrFnrRYw=="
    },
    "typescript": {
      "version": "4.3.5",
      "resolved": "https://registry.npmjs.org/typescript/-/typescript-4.3.5.tgz",
      "integrity": "sha512-DqQgihaQ9cUrskJo9kIyW/+g0Vxsk8cDtZ52a3NGh0YNTfpUSArXSohyUGnvbPazEPLu398C0UxmKSOrPumUzA==",
      "dev": true
    }
  }
}
